
Microsoft Visual Studio Solution File, Format Version 12.00
# Visual Studio Version 17
VisualStudioVersion = 17.7.34024.191
MinimumVisualStudioVersion = 10.0.40219.1
Project("{9A19103F-16F7-4668-BE54-9A1E7A4F7556}") = "Task1", "Task1.csproj", "{D80CBD22-F0C8-49F2-AF3A-AA980A8EB6A4}"
EndProject
Project("{9A19103F-16F7-4668-BE54-9A1E7A4F7556}") = "Task2", "..\Task2\Task2.csproj", "{74EA067B-B4BF-4A5F-8335-D92DC3D00372}"
EndProject
Project("{FAE04EC0-301F-11D3-BF4B-00C04F79EFBC}") = "Task3", "..\Task3\Task3.csproj", "{8792B46C-8D70-4E12-80C9-63F6631E8AD0}"
EndProject
Global
	GlobalSection(SolutionConfigurationPlatforms) = preSolution
		Debug|Any CPU = Debug|Any CPU
		Release|Any CPU = Release|Any CPU
	EndGlobalSection
	GlobalSection(ProjectConfigurationPlatforms) = postSolution
		{D80CBD22-F0C8-49F2-AF3A-AA980A8EB6A4}.Debug|Any CPU.ActiveCfg = Debug|Any CPU
		{D80CBD22-F0C8-49F2-AF3A-AA980A8EB6A4}.Debug|Any CPU.Build.0 = Debug|Any CPU
		{D80CBD22-F0C8-49F2-AF3A-AA980A8EB6A4}.Release|Any CPU.ActiveCfg = Release|Any CPU
		{D80CBD22-F0C8-49F2-AF3A-AA980A8EB6A4}.Release|Any CPU.Build.0 = Release|Any CPU
		{74EA067B-B4BF-4A5F-8335-D92DC3D00372}.Debug|Any CPU.ActiveCfg = Debug|Any CPU
		{74EA067B-B4BF-4A5F-8335-D92DC3D00372}.Debug|Any CPU.Build.0 = Debug|Any CPU
		{74EA067B-B4BF-4A5F-8335-D92DC3D00372}.Release|Any CPU.ActiveCfg = Release|Any CPU
		{74EA067B-B4BF-4A5F-8335-D92DC3D00372}.Release|Any CPU.Build.0 = Release|Any CPU
		{8792B46C-8D70-4E12-80C9-63F6631E8AD0}.Debug|Any CPU.ActiveCfg = Debug|Any CPU
		{8792B46C-8D70-4E12-80C9-63F6631E8AD0}.Debug|Any CPU.Build.0 = Debug|Any CPU
		{8792B46C-8D70-4E12-80C9-63F6631E8AD0}.Release|Any CPU.ActiveCfg = Release|Any CPU
		{8792B46C-8D70-4E12-80C9-63F6631E8AD0}.Release|Any CPU.Build.0 = Release|Any CPU
	EndGlobalSection
	GlobalSection(SolutionProperties) = preSolution
		HideSolutionNode = FALSE
	EndGlobalSection
	GlobalSection(ExtensibilityGlobals) = postSolution
		SolutionGuid = {06B0040C-DB31-47AB-A316-8923A9591835}
	EndGlobalSection
EndGlobal
